<?xml version="1.0" encoding="utf-8"?>
<Project ToolsVersion="4.0" xmlns="http://schemas.microsoft.com/developer/msbuild/2003">
  <ItemGroup>
    <Filter Include="ソース ファイル">
      <UniqueIdentifier>{4FC737F1-C7A5-4376-A066-2A32D752A2FF}</UniqueIdentifier>
      <Extensions>cpp;c;cc;cxx;c++;cppm;ixx;def;odl;idl;hpj;bat;asm;asmx</Extensions>
    </Filter>
    <Filter Include="ヘッダー ファイル">
      <UniqueIdentifier>{93995380-89BD-4b04-88EB-625FBE52EBFB}</UniqueIdentifier>
      <Extensions>h;hh;hpp;hxx;h++;hm;inl;inc;ipp;xsd</Extensions>
    </Filter>
    <Filter Include="リソース ファイル">
      <UniqueIdentifier>{67DA6AB6-F800-4c08-8B7A-83BB121AAD01}</UniqueIdentifier>
      <Extensions>rc;ico;cur;bmp;dlg;rc2;rct;bin;rgs;gif;jpg;jpeg;jpe;resx;tiff;tif;png;wav;mfcribbon-ms</Extensions>
    </Filter>
    <Filter Include="ソース ファイル\Game">
      <UniqueIdentifier>{21ae9a1d-e5e6-4623-917b-9eec6d088e1b}</UniqueIdentifier>
    </Filter>
    <Filter Include="ソース ファイル\Lib">
      <UniqueIdentifier>{ce7b5dc0-8d4a-4f81-9904-cacd0c22cec0}</UniqueIdentifier>
    </Filter>
    <Filter Include="ソース ファイル\Game\Bg">
      <UniqueIdentifier>{b99d1bf8-d07a-4be7-b1d6-c09463d55e14}</UniqueIdentifier>
    </Filter>
    <Filter Include="ソース ファイル\Game\HitCheck">
      <UniqueIdentifier>{1cea0721-fb34-4bb9-821e-a538e8c8fa69}</UniqueIdentifier>
    </Filter>
    <Filter Include="ソース ファイル\Game\Knife">
      <UniqueIdentifier>{618f964b-604c-4884-b537-89d9a84bcaea}</UniqueIdentifier>
    </Filter>
    <Filter Include="ソース ファイル\Game\Player">
      <UniqueIdentifier>{95fc44bc-e8b4-4215-9fdf-032b75063048}</UniqueIdentifier>
    </Filter>
    <Filter Include="ソース ファイル\Game\Scene">
      <UniqueIdentifier>{5da31a0f-871f-43fa-8576-9a849f25eff1}</UniqueIdentifier>
    </Filter>
    <Filter Include="ソース ファイル\Game\Sound">
      <UniqueIdentifier>{c89cb236-b102-4a19-a15b-8f9bcbfdbf56}</UniqueIdentifier>
    </Filter>
    <Filter Include="ソース ファイル\Game\Stage">
      <UniqueIdentifier>{6773b5f5-1560-4c42-8925-547b0ebb872b}</UniqueIdentifier>
    </Filter>
  </ItemGroup>
  <ItemGroup>
    <ClCompile Include="Src\Lib\Input.cpp">
      <Filter>ソース ファイル\Lib</Filter>
    </ClCompile>
    <ClCompile Include="Src\Lib\Collision.cpp">
      <Filter>ソース ファイル\Lib</Filter>
    </ClCompile>
    <ClCompile Include="Src\Lib\Fps.cpp">
      <Filter>ソース ファイル\Lib</Filter>
    </ClCompile>
    <ClCompile Include="Src\Lib\Time.cpp">
      <Filter>ソース ファイル\Lib</Filter>
    </ClCompile>
    <ClCompile Include="Src\Lib\fade.cpp">
      <Filter>ソース ファイル\Lib</Filter>
    </ClCompile>
    <ClCompile Include="main.cpp">
      <Filter>ソース ファイル\Game</Filter>
    </ClCompile>
    <ClCompile Include="Src\Game\Bg\Background.cpp">
      <Filter>ソース ファイル\Game\Bg</Filter>
    </ClCompile>
    <ClCompile Include="Src\Game\HitCheck\HitCheck.cpp">
      <Filter>ソース ファイル\Game\HitCheck</Filter>
    </ClCompile>
    <ClCompile Include="Src\Game\Knife\Knife.cpp">
      <Filter>ソース ファイル\Game\Knife</Filter>
    </ClCompile>
    <ClCompile Include="Src\Game\Player\Player.cpp">
      <Filter>ソース ファイル\Game\Player</Filter>
    </ClCompile>
    <ClCompile Include="Src\Game\Player\Player2.cpp">
      <Filter>ソース ファイル\Game\Player</Filter>
    </ClCompile>
    <ClCompile Include="Src\Game\Scene\SceneGame.cpp">
      <Filter>ソース ファイル\Game\Scene</Filter>
    </ClCompile>
    <ClCompile Include="Src\Game\Scene\SceneManager.cpp">
      <Filter>ソース ファイル\Game\Scene</Filter>
    </ClCompile>
    <ClCompile Include="Src\Game\Scene\SceneResult.cpp">
      <Filter>ソース ファイル\Game\Scene</Filter>
    </ClCompile>
    <ClCompile Include="Src\Game\Scene\SceneTitle.cpp">
      <Filter>ソース ファイル\Game\Scene</Filter>
    </ClCompile>
    <ClCompile Include="Src\Game\Knife\Knife2.cpp">
      <Filter>ソース ファイル\Game\Knife</Filter>
    </ClCompile>
    <ClCompile Include="Src\Game\Sound\Sound.cpp">
      <Filter>ソース ファイル\Game\Sound</Filter>
    </ClCompile>
    <ClCompile Include="Src\Game\Stage\Stage.cpp">
      <Filter>ソース ファイル\Game\Stage</Filter>
    </ClCompile>
  </ItemGroup>
  <ItemGroup>
    <ClInclude Include="Src\Lib\Input.h">
      <Filter>ソース ファイル\Lib</Filter>
    </ClInclude>
    <ClInclude Include="Src\Lib\Collision.h">
      <Filter>ソース ファイル\Lib</Filter>
    </ClInclude>
    <ClInclude Include="Src\Lib\Fps.h">
      <Filter>ソース ファイル\Lib</Filter>
    </ClInclude>
    <ClInclude Include="Src\Lib\Time.h">
      <Filter>ソース ファイル\Lib</Filter>
    </ClInclude>
    <ClInclude Include="Src\Lib\fade.h">
      <Filter>ソース ファイル\Lib</Filter>
    </ClInclude>
    <ClInclude Include="Shot.h">
      <Filter>ヘッダー ファイル</Filter>
    </ClInclude>
    <ClInclude Include="Src\Game\Bg\Background.h">
      <Filter>ソース ファイル\Game\Bg</Filter>
    </ClInclude>
    <ClInclude Include="Src\Game\HitCheck\HitCheck.h">
      <Filter>ソース ファイル\Game\HitCheck</Filter>
    </ClInclude>
    <ClInclude Include="Src\Game\Knife\Knife.h">
      <Filter>ソース ファイル\Game\Knife</Filter>
    </ClInclude>
    <ClInclude Include="Src\Game\Player\Player.h">
      <Filter>ソース ファイル\Game\Player</Filter>
    </ClInclude>
    <ClInclude Include="Src\Game\Player\Player2.h">
      <Filter>ソース ファイル\Game\Player</Filter>
    </ClInclude>
    <ClInclude Include="Src\Game\Scene\SceneGame.h">
      <Filter>ソース ファイル\Game\Scene</Filter>
    </ClInclude>
    <ClInclude Include="Src\Game\Scene\SceneManager.h">
      <Filter>ソース ファイル\Game\Scene</Filter>
    </ClInclude>
    <ClInclude Include="Src\Game\Scene\SceneResult.h">
      <Filter>ソース ファイル\Game\Scene</Filter>
    </ClInclude>
    <ClInclude Include="Src\Game\Scene\SceneTitle.h">
      <Filter>ソース ファイル\Game\Scene</Filter>
    </ClInclude>
    <ClInclude Include="Src\Game\Knife\Knife2.h">
      <Filter>ソース ファイル\Game\Knife</Filter>
    </ClInclude>
    <ClInclude Include="Src\Game\Sound\Sound.h">
      <Filter>ソース ファイル\Game\Sound</Filter>
    </ClInclude>
    <ClInclude Include="Src\Game\Stage\Stage.h">
      <Filter>ソース ファイル\Game\Stage</Filter>
    </ClInclude>
  </ItemGroup>
</Project>