<?xml version="1.0" encoding="utf-8"?>
<Project ToolsVersion="4.0" xmlns="http://schemas.microsoft.com/developer/msbuild/2003">
  <ItemGroup>
    <Filter Include="ソース ファイル">
      <UniqueIdentifier>{4FC737F1-C7A5-4376-A066-2A32D752A2FF}</UniqueIdentifier>
      <Extensions>cpp;c;cc;cxx;c++;cppm;ixx;def;odl;idl;hpj;bat;asm;asmx</Extensions>
    </Filter>
    <Filter Include="ヘッダー ファイル">
      <UniqueIdentifier>{93995380-89BD-4b04-88EB-625FBE52EBFB}</UniqueIdentifier>
      <Extensions>h;hh;hpp;hxx;h++;hm;inl;inc;ipp;xsd</Extensions>
    </Filter>
    <Filter Include="リソース ファイル">
      <UniqueIdentifier>{67DA6AB6-F800-4c08-8B7A-83BB121AAD01}</UniqueIdentifier>
      <Extensions>rc;ico;cur;bmp;dlg;rc2;rct;bin;rgs;gif;jpg;jpeg;jpe;resx;tiff;tif;png;wav;mfcribbon-ms</Extensions>
    </Filter>
    <Filter Include="ソース ファイル\Game">
      <UniqueIdentifier>{cdc1f657-4ac6-4693-92b1-2b8b42dd14b2}</UniqueIdentifier>
    </Filter>
    <Filter Include="ソース ファイル\Lib">
      <UniqueIdentifier>{0e620f7e-70ed-47ec-9bf3-41eb01559053}</UniqueIdentifier>
    </Filter>
    <Filter Include="ソース ファイル\Lib\Debug">
      <UniqueIdentifier>{ae8e3dd1-55ca-4e73-a684-3e194a514629}</UniqueIdentifier>
    </Filter>
    <Filter Include="ソース ファイル\Lib\KeyInput">
      <UniqueIdentifier>{41c4d1fc-a4d4-42b5-8799-c3eef5750f35}</UniqueIdentifier>
    </Filter>
    <Filter Include="ソース ファイル\Lib\Collision">
      <UniqueIdentifier>{32e3e5ff-ac34-4cef-a0b9-1d6014cb4069}</UniqueIdentifier>
    </Filter>
    <Filter Include="ソース ファイル\Lib\Effect">
      <UniqueIdentifier>{96d41acd-c856-4ea5-a27e-ba8f891852e6}</UniqueIdentifier>
    </Filter>
    <Filter Include="ソース ファイル\Game\Scene">
      <UniqueIdentifier>{22cec4f3-9176-46ff-8425-7dcb305b7fcd}</UniqueIdentifier>
    </Filter>
    <Filter Include="ソース ファイル\Game\Object">
      <UniqueIdentifier>{a6d382bf-7161-4516-9402-c0a470c1c869}</UniqueIdentifier>
    </Filter>
    <Filter Include="ソース ファイル\Game\Object\Player">
      <UniqueIdentifier>{08eeefe2-8199-4cda-96d6-7b9b1110847e}</UniqueIdentifier>
    </Filter>
    <Filter Include="ソース ファイル\Game\Object\BG">
      <UniqueIdentifier>{9e7b2997-c125-4fd6-9565-803421fd619d}</UniqueIdentifier>
    </Filter>
    <Filter Include="ソース ファイル\Game\Scene\Scene_Managr">
      <UniqueIdentifier>{ef2c87fc-0225-4bdc-b8ce-da62624abfcf}</UniqueIdentifier>
    </Filter>
    <Filter Include="ソース ファイル\Game\Scene\Scene_Game">
      <UniqueIdentifier>{026f7811-a654-4ab3-a976-346cb132b133}</UniqueIdentifier>
    </Filter>
    <Filter Include="ソース ファイル\Game\Object\Player\Gimmick">
      <UniqueIdentifier>{3a8d67d7-e2d0-430b-82ad-96a8c2d97dec}</UniqueIdentifier>
    </Filter>
    <Filter Include="ソース ファイル\Game\Object\Stage">
      <UniqueIdentifier>{2d6a74ee-8f41-43b4-8f14-2296d8ae99ca}</UniqueIdentifier>
    </Filter>
    <Filter Include="ソース ファイル\Game\Hitcheck">
      <UniqueIdentifier>{9aad9af4-3d15-407b-88c1-01f9584febd8}</UniqueIdentifier>
    </Filter>
    <Filter Include="ソース ファイル\Game\Object\Enemy">
      <UniqueIdentifier>{d6433559-6d4a-4bf7-b44e-6736ba6cadb5}</UniqueIdentifier>
    </Filter>
    <Filter Include="ソース ファイル\Lib\Effect\Fade">
      <UniqueIdentifier>{4951a623-f66f-4f6d-a0a8-26a19c8bdda3}</UniqueIdentifier>
    </Filter>
    <Filter Include="ソース ファイル\Game\Scene\SceneTitle">
      <UniqueIdentifier>{336a403a-bb94-4c46-a979-4b3a1644c302}</UniqueIdentifier>
    </Filter>
    <Filter Include="ソース ファイル\Game\Score">
      <UniqueIdentifier>{12eb214b-db7e-4803-9375-c47dbb19df7e}</UniqueIdentifier>
    </Filter>
    <Filter Include="ソース ファイル\Game\Timer">
      <UniqueIdentifier>{11724307-e220-43b4-83be-80066e5a2a53}</UniqueIdentifier>
    </Filter>
    <Filter Include="ソース ファイル\Game\Scene\Scene_Result">
      <UniqueIdentifier>{8c91f79c-5876-4684-86c4-8d2ba3323781}</UniqueIdentifier>
    </Filter>
    <Filter Include="ソース ファイル\Game\Object\Stage\Gimick">
      <UniqueIdentifier>{e9b932c7-2a54-4a7a-8eda-b380a04469e9}</UniqueIdentifier>
    </Filter>
  </ItemGroup>
  <ItemGroup>
    <ClCompile Include="src\main.cpp">
      <Filter>ソース ファイル</Filter>
    </ClCompile>
    <ClCompile Include="src\Lib\Debug\Fps.cpp">
      <Filter>ソース ファイル\Lib\Debug</Filter>
    </ClCompile>
    <ClCompile Include="src\Lib\Collision\Collision.cpp">
      <Filter>ソース ファイル\Lib\Collision</Filter>
    </ClCompile>
    <ClCompile Include="src\Lib\Effect\Effect.cpp">
      <Filter>ソース ファイル\Lib\Effect</Filter>
    </ClCompile>
    <ClCompile Include="src\Lib\Fade\Fade.cpp">
      <Filter>ソース ファイル\Lib\Effect\Fade</Filter>
    </ClCompile>
    <ClCompile Include="src\Lib\KeyInput\KeyInput.cpp">
      <Filter>ソース ファイル\Lib\KeyInput</Filter>
    </ClCompile>
    <ClCompile Include="src\Lib\Debug\display.cpp">
      <Filter>ソース ファイル\Lib\Debug</Filter>
    </ClCompile>
    <ClCompile Include="src\Game\Scene\Scene_Manager\Scene_Manager.cpp">
      <Filter>ソース ファイル\Game\Scene\Scene_Managr</Filter>
    </ClCompile>
    <ClCompile Include="src\Game\Scene\Scene_Game\Scene_Game.cpp">
      <Filter>ソース ファイル\Game\Scene\Scene_Game</Filter>
    </ClCompile>
    <ClCompile Include="src\Game\Object\Player\Player.cpp">
      <Filter>ソース ファイル\Game\Object\Player</Filter>
    </ClCompile>
    <ClCompile Include="src\Game\Object\BG\BG.cpp">
      <Filter>ソース ファイル\Game\Object\BG</Filter>
    </ClCompile>
    <ClCompile Include="src\Game\Object\Player\Gimmick\Plshot.cpp">
      <Filter>ソース ファイル\Game\Object\Player\Gimmick</Filter>
    </ClCompile>
    <ClCompile Include="src\Game\Hitcheck\Hitcheck.cpp">
      <Filter>ソース ファイル\Game\Hitcheck</Filter>
    </ClCompile>
    <ClCompile Include="src\Game\Object\Enemy\Enemy.cpp">
      <Filter>ソース ファイル\Game\Object\Enemy</Filter>
    </ClCompile>
    <ClCompile Include="src\Game\Scene\Scene_Title\SceneTitle.cpp">
      <Filter>ソース ファイル\Game\Scene\SceneTitle</Filter>
    </ClCompile>
    <ClCompile Include="src\Game\Score\Score.cpp">
      <Filter>ソース ファイル\Game\Score</Filter>
    </ClCompile>
    <ClCompile Include="src\Game\Timer\Timer.cpp">
      <Filter>ソース ファイル\Game\Timer</Filter>
    </ClCompile>
    <ClCompile Include="src\Game\Score\Coin.cpp">
      <Filter>ソース ファイル\Game\Score</Filter>
    </ClCompile>
    <ClCompile Include="src\Game\Scene\Scene_Result\Scene_Result.cpp">
      <Filter>ソース ファイル\Game\Scene\Scene_Result</Filter>
    </ClCompile>
    <ClCompile Include="src\Game\Object\Player\Gimmick\Arrow.cpp">
      <Filter>ソース ファイル\Game\Object\Player\Gimmick</Filter>
    </ClCompile>
    <ClCompile Include="src\Game\Object\Stage\Gimmick\MoveBlock.cpp">
      <Filter>ソース ファイル\Game\Object\Stage\Gimick</Filter>
    </ClCompile>
    <ClCompile Include="src\Game\Object\Stage\Stage.cpp">
      <Filter>ソース ファイル\Game\Object\Stage</Filter>
    </ClCompile>
  </ItemGroup>
  <ItemGroup>
    <ClInclude Include="src\Lib\Debug\Fps.h">
      <Filter>ソース ファイル\Lib\Debug</Filter>
    </ClInclude>
    <ClInclude Include="src\Lib\KeyInput\KeyInput.h">
      <Filter>ソース ファイル\Lib\KeyInput</Filter>
    </ClInclude>
    <ClInclude Include="src\Lib\Collision\Collision.h">
      <Filter>ソース ファイル\Lib\Collision</Filter>
    </ClInclude>
    <ClInclude Include="src\Lib\Effect\Effect.h">
      <Filter>ソース ファイル\Lib\Effect</Filter>
    </ClInclude>
    <ClInclude Include="src\Lib\Fade\Fade.h">
      <Filter>ソース ファイル\Lib\Effect\Fade</Filter>
    </ClInclude>
    <ClInclude Include="src\Comon.h">
      <Filter>ソース ファイル</Filter>
    </ClInclude>
    <ClInclude Include="src\Lib\Debug\display.h">
      <Filter>ソース ファイル\Lib\Debug</Filter>
    </ClInclude>
    <ClInclude Include="src\Game\Scene\Scene_Manager\Scene_Manager.h">
      <Filter>ソース ファイル\Game\Scene\Scene_Managr</Filter>
    </ClInclude>
    <ClInclude Include="src\Game\Scene\Scene_Game\Scene_Game.h">
      <Filter>ソース ファイル\Game\Scene\Scene_Game</Filter>
    </ClInclude>
    <ClInclude Include="src\Game\Object\BG\BG.h">
      <Filter>ソース ファイル\Game\Object\BG</Filter>
    </ClInclude>
    <ClInclude Include="src\Game\Hitcheck\Hitcheck.h">
      <Filter>ソース ファイル\Game\Hitcheck</Filter>
    </ClInclude>
    <ClInclude Include="src\Game\Object\Enemy\Enemy.h">
      <Filter>ソース ファイル\Game\Object\Enemy</Filter>
    </ClInclude>
    <ClInclude Include="src\Game\Scene\Scene_Title\SceneTitle.h">
      <Filter>ソース ファイル\Game\Scene\SceneTitle</Filter>
    </ClInclude>
    <ClInclude Include="src\Game\Score\Score.h">
      <Filter>ソース ファイル\Game\Score</Filter>
    </ClInclude>
    <ClInclude Include="src\Game\Timer\Timer.h">
      <Filter>ソース ファイル\Game\Timer</Filter>
    </ClInclude>
    <ClInclude Include="src\Game\Object\Player\Gimmick\Plshot.h">
      <Filter>ソース ファイル\Game\Object\Player\Gimmick</Filter>
    </ClInclude>
    <ClInclude Include="src\Game\Score\Coin.h">
      <Filter>ソース ファイル\Game\Score</Filter>
    </ClInclude>
    <ClInclude Include="src\Game\Scene\Scene_Result\Scene_Result.h">
      <Filter>ソース ファイル\Game\Scene\Scene_Result</Filter>
    </ClInclude>
    <ClInclude Include="src\Game\Object\Player\Player.h">
      <Filter>ソース ファイル\Game\Object\Player</Filter>
    </ClInclude>
    <ClInclude Include="src\Game\Object\Stage\Stage.h">
      <Filter>ソース ファイル\Game\Object\Stage</Filter>
    </ClInclude>
    <ClInclude Include="src\Game\Object\Player\Gimmick\Arrow.h">
      <Filter>ソース ファイル\Game\Object\Player\Gimmick</Filter>
    </ClInclude>
    <ClInclude Include="src\Game\Object\Stage\Gimmick\MoveBlock.h">
      <Filter>ソース ファイル\Game\Object\Stage\Gimick</Filter>
    </ClInclude>
  </ItemGroup>
</Project>